# THIS IS AN AUTOGENERATED FILE. DO NOT EDIT THIS FILE DIRECTLY.
# yarn lockfile v1


leaflet.locatecontrol@^0.87.0:
  version "0.87.0"
  resolved "https://registry.yarnpkg.com/leaflet.locatecontrol/-/leaflet.locatecontrol-0.87.0.tgz#c9cb4f96e083b10ee33ef123999c3f1f5ab8eaf9"
  integrity sha512-kx/kCicuN1GpA1xaa6P6O7bcbpvYo9XbcAuyCcERUNyZtp730noMTEt6+St5OgCH5SpJz5NVsu6XZNOaaNxAMw==

leaflet@^1.9.4:
  version "1.9.4"
  resolved "https://registry.yarnpkg.com/leaflet/-/leaflet-1.9.4.tgz#23fae724e282fa25745aff82ca4d394748db7d8d"
  integrity sha512-nxS1ynzJOmOlHp+iL3FyWqK89GtNL8U8rvlMOsQdTTssxZwCXh8N2NB3GDQOL+YR3XnWyZAxwQixURb+FA74PA==
