# This file is generated by running "yarn install" inside your project.
# Manual changes might be lost - proceed with caution!

__metadata:
  version: 8
  cacheKey: 10c0

"leaflet.locatecontrol@npm:^0.89.0":
  version: 0.89.0
  resolution: "leaflet.locatecontrol@npm:0.89.0"
  peerDependencies:
    leaflet: ^1.9.0 || >=2.0.0-alpha.1
  checksum: 10c0/d17617c21c7f81ccc16ee36bc0afb13c08ad08733df76be1f7b388cd31dd285938e67dbc8e5e21cd94005c2ca41fd19e906a4d9fc88e37155b2207ab9800ad4d
  languageName: node
  linkType: hard

"leaflet@npm:^1.9.4":
  version: 1.9.4
  resolution: "leaflet@npm:1.9.4"
  checksum: 10c0/f639441dbb7eb9ae3fcd29ffd7d3508f6c6106892441634b0232fafb9ffb1588b05a8244ec7085de2c98b5ed703894df246898477836cfd0ce5b96d4717b5ca1
  languageName: node
  linkType: hard

"root-workspace-0b6124@workspace:.":
  version: 0.0.0-use.local
  resolution: "root-workspace-0b6124@workspace:."
  dependencies:
    leaflet: "npm:^1.9.4"
    leaflet.locatecontrol: "npm:^0.89.0"
  languageName: unknown
  linkType: soft
