# THIS IS AN AUTOGENERATED FILE. DO NOT EDIT THIS FILE DIRECTLY.
# yarn lockfile v1


leaflet.locatecontrol@^0.88.0:
  version "0.88.0"
  resolved "https://registry.yarnpkg.com/leaflet.locatecontrol/-/leaflet.locatecontrol-0.88.0.tgz#135867332ce32b1b3dd3ee479603cc03746d0827"
  integrity sha512-9c+06VDCWyJIFWpVTS33RpcifXpNIRLQ5TJkK6bGUPoftEhA0cGGIAwV8iYBAhYPlr+aEsL2ZLMpQZBDSOUaTQ==

leaflet@^1.9.4:
  version "1.9.4"
  resolved "https://registry.yarnpkg.com/leaflet/-/leaflet-1.9.4.tgz#23fae724e282fa25745aff82ca4d394748db7d8d"
  integrity sha512-nxS1ynzJOmOlHp+iL3FyWqK89GtNL8U8rvlMOsQdTTssxZwCXh8N2NB3GDQOL+YR3XnWyZAxwQixURb+FA74PA==
